
Microsoft Visual Studio Solution File, Format Version 12.00
# Visual Studio 15
VisualStudioVersion = 15.0.27130.2036
MinimumVisualStudioVersion = 10.0.40219.1
Project("{FAE04EC0-301F-11D3-BF4B-00C04F79EFBC}") = "Markdown", "Markdown\Markdown.csproj", "{99771C32-1C40-409E-AA9C-BA9C78E3372A}"
EndProject
Global
	GlobalSection(SolutionConfigurationPlatforms) = preSolution
		Debug|Any CPU = Debug|Any CPU
		Release|Any CPU = Release|Any CPU
	EndGlobalSection
	GlobalSection(ProjectConfigurationPlatforms) = postSolution
		{99771C32-1C40-409E-AA9C-BA9C78E3372A}.Debug|Any CPU.ActiveCfg = Debug|Any CPU
		{99771C32-1C40-409E-AA9C-BA9C78E3372A}.Debug|Any CPU.Build.0 = Debug|Any CPU
		{99771C32-1C40-409E-AA9C-BA9C78E3372A}.Release|Any CPU.ActiveCfg = Release|Any CPU
		{99771C32-1C40-409E-AA9C-BA9C78E3372A}.Release|Any CPU.Build.0 = Release|Any CPU
	EndGlobalSection
	GlobalSection(SolutionProperties) = preSolution
		HideSolutionNode = FALSE
	EndGlobalSection
	GlobalSection(ExtensibilityGlobals) = postSolution
		SolutionGuid = {0367DF3F-BDDA-4303-BD97-F9DCBBB9B2DD}
	EndGlobalSection
EndGlobal
